// !$*UTF8*$!
{
	archiveVersion = 1;
	classes = {
	};
	objectVersion = 55;
	objects = {

/* Begin PBXBuildFile section */
		75662AA928C9857300AAF52B /* AppDelegate.swift in Sources */ = {isa = PBXBuildFile; fileRef = 75662AA828C9857300AAF52B /* AppDelegate.swift */; };
		75662AAB28C9857300AAF52B /* SceneDelegate.swift in Sources */ = {isa = PBXBuildFile; fileRef = 75662AAA28C9857300AAF52B /* SceneDelegate.swift */; };
		75662AAD28C9857300AAF52B /* ViewController.swift in Sources */ = {isa = PBXBuildFile; fileRef = 75662AAC28C9857300AAF52B /* ViewController.swift */; };
		75662AB028C9857300AAF52B /* Main.storyboard in Resources */ = {isa = PBXBuildFile; fileRef = 75662AAE28C9857300AAF52B /* Main.storyboard */; };
		75662AB228C9857400AAF52B /* Assets.xcassets in Resources */ = {isa = PBXBuildFile; fileRef = 75662AB128C9857400AAF52B /* Assets.xcassets */; };
		75662AB528C9857400AAF52B /* LaunchScreen.storyboard in Resources */ = {isa = PBXBuildFile; fileRef = 75662AB328C9857400AAF52B /* LaunchScreen.storyboard */; };
		75662AC028C9857500AAF52B /* RandomPhotoTests.swift in Sources */ = {isa = PBXBuildFile; fileRef = 75662ABF28C9857500AAF52B /* RandomPhotoTests.swift */; };
		75662ACA28C9857500AAF52B /* RandomPhotoUITests.swift in Sources */ = {isa = PBXBuildFile; fileRef = 75662AC928C9857500AAF52B /* RandomPhotoUITests.swift */; };
		75662ACC28C9857500AAF52B /* RandomPhotoUITestsLaunchTests.swift in Sources */ = {isa = PBXBuildFile; fileRef = 75662ACB28C9857500AAF52B /* RandomPhotoUITestsLaunchTests.swift */; };
		75D4AC7528CEB1EC00F137B3 /* Canvas.swift in Sources */ = {isa = PBXBuildFile; fileRef = 75D4AC7428CEB1EC00F137B3 /* Canvas.swift */; };
		75D4AC7828D01FDF00F137B3 /* Views in Resources */ = {isa = PBXBuildFile; fileRef = 75D4AC7728D01FDF00F137B3 /* Views */; };
/* End PBXBuildFile section */

/* Begin PBXContainerItemProxy section */
		75662ABC28C9857500AAF52B /* PBXContainerItemProxy */ = {
			isa = PBXContainerItemProxy;
			containerPortal = 75662A9D28C9857300AAF52B /* Project object */;
			proxyType = 1;
			remoteGlobalIDString = 75662AA428C9857300AAF52B;
			remoteInfo = RandomPhoto;
		};
		75662AC628C9857500AAF52B /* PBXContainerItemProxy */ = {
			isa = PBXContainerItemProxy;
			containerPortal = 75662A9D28C9857300AAF52B /* Project object */;
			proxyType = 1;
			remoteGlobalIDString = 75662AA428C9857300AAF52B;
			remoteInfo = RandomPhoto;
		};
/* End PBXContainerItemProxy section */

/* Begin PBXFileReference section */
		75662AA528C9857300AAF52B /* RandomPhoto.app */ = {isa = PBXFileReference; explicitFileType = wrapper.application; includeInIndex = 0; path = RandomPhoto.app; sourceTree = BUILT_PRODUCTS_DIR; };
		75662AA828C9857300AAF52B /* AppDelegate.swift */ = {isa = PBXFileReference; lastKnownFileType = sourcecode.swift; path = AppDelegate.swift; sourceTree = "<group>"; };
		75662AAA28C9857300AAF52B /* SceneDelegate.swift */ = {isa = PBXFileReference; lastKnownFileType = sourcecode.swift; path = SceneDelegate.swift; sourceTree = "<group>"; };
		75662AAC28C9857300AAF52B /* ViewController.swift */ = {isa = PBXFileReference; lastKnownFileType = sourcecode.swift; path = ViewController.swift; sourceTree = "<group>"; };
		75662AAF28C9857300AAF52B /* Base */ = {isa = PBXFileReference; lastKnownFileType = file.storyboard; name = Base; path = Base.lproj/Main.storyboard; sourceTree = "<group>"; };
		75662AB128C9857400AAF52B /* Assets.xcassets */ = {isa = PBXFileReference; lastKnownFileType = folder.assetcatalog; path = Assets.xcassets; sourceTree = "<group>"; };
		75662AB428C9857400AAF52B /* Base */ = {isa = PBXFileReference; lastKnownFileType = file.storyboard; name = Base; path = Base.lproj/LaunchScreen.storyboard; sourceTree = "<group>"; };
		75662AB628C9857400AAF52B /* Info.plist */ = {isa = PBXFileReference; lastKnownFileType = text.plist.xml; path = Info.plist; sourceTree = "<group>"; };
		75662ABB28C9857500AAF52B /* RandomPhotoTests.xctest */ = {isa = PBXFileReference; explicitFileType = wrapper.cfbundle; includeInIndex = 0; path = RandomPhotoTests.xctest; sourceTree = BUILT_PRODUCTS_DIR; };
		75662ABF28C9857500AAF52B /* RandomPhotoTests.swift */ = {isa = PBXFileReference; lastKnownFileType = sourcecode.swift; path = RandomPhotoTests.swift; sourceTree = "<group>"; };
		75662AC528C9857500AAF52B /* RandomPhotoUITests.xctest */ = {isa = PBXFileReference; explicitFileType = wrapper.cfbundle; includeInIndex = 0; path = RandomPhotoUITests.xctest; sourceTree = BUILT_PRODUCTS_DIR; };
		75662AC928C9857500AAF52B /* RandomPhotoUITests.swift */ = {isa = PBXFileReference; lastKnownFileType = sourcecode.swift; path = RandomPhotoUITests.swift; sourceTree = "<group>"; };
		75662ACB28C9857500AAF52B /* RandomPhotoUITestsLaunchTests.swift */ = {isa = PBXFileReference; lastKnownFileType = sourcecode.swift; path = RandomPhotoUITestsLaunchTests.swift; sourceTree = "<group>"; };
		75D4AC7428CEB1EC00F137B3 /* Canvas.swift */ = {isa = PBXFileReference; lastKnownFileType = sourcecode.swift; path = Canvas.swift; sourceTree = "<group>"; };
		75D4AC7728D01FDF00F137B3 /* Views */ = {isa = PBXFileReference; lastKnownFileType = folder; name = Views; sourceTree = "<group>"; };
/* End PBXFileReference section */

/* Begin PBXFrameworksBuildPhase section */
		75662AA228C9857300AAF52B /* Frameworks */ = {
			isa = PBXFrameworksBuildPhase;
			buildActionMask = 2147483647;
			files = (
			);
			runOnlyForDeploymentPostprocessing = 0;
		};
		75662AB828C9857500AAF52B /* Frameworks */ = {
			isa = PBXFrameworksBuildPhase;
			buildActionMask = 2147483647;
			files = (
			);
			runOnlyForDeploymentPostprocessing = 0;
		};
		75662AC228C9857500AAF52B /* Frameworks */ = {
			isa = PBXFrameworksBuildPhase;
			buildActionMask = 2147483647;
			files = (
			);
			runOnlyForDeploymentPostprocessing = 0;
		};
/* End PBXFrameworksBuildPhase section */

/* Begin PBXGroup section */
		75662A9C28C9857300AAF52B = {
			isa = PBXGroup;
			children = (
				75662AA728C9857300AAF52B /* RandomPhoto */,
				75662ABE28C9857500AAF52B /* RandomPhotoTests */,
				75662AC828C9857500AAF52B /* RandomPhotoUITests */,
				75662AA628C9857300AAF52B /* Products */,
			);
			sourceTree = "<group>";
		};
		75662AA628C9857300AAF52B /* Products */ = {
			isa = PBXGroup;
			children = (
				75662AA528C9857300AAF52B /* RandomPhoto.app */,
				75662ABB28C9857500AAF52B /* RandomPhotoTests.xctest */,
				75662AC528C9857500AAF52B /* RandomPhotoUITests.xctest */,
			);
			name = Products;
			sourceTree = "<group>";
		};
		75662AA728C9857300AAF52B /* RandomPhoto */ = {
			isa = PBXGroup;
			children = (
				75D4AC7628CEB3EC00F137B3 /* Controller */,
				75662AAA28C9857300AAF52B /* SceneDelegate.swift */,
				75D4AC7128CEB12400F137B3 /* Views */,
				75662AAE28C9857300AAF52B /* Main.storyboard */,
				75662AB128C9857400AAF52B /* Assets.xcassets */,
				75662AB328C9857400AAF52B /* LaunchScreen.storyboard */,
				75662AB628C9857400AAF52B /* Info.plist */,
			);
			path = RandomPhoto;
			sourceTree = "<group>";
		};
		75662ABE28C9857500AAF52B /* RandomPhotoTests */ = {
			isa = PBXGroup;
			children = (
				75662ABF28C9857500AAF52B /* RandomPhotoTests.swift */,
			);
			path = RandomPhotoTests;
			sourceTree = "<group>";
		};
		75662AC828C9857500AAF52B /* RandomPhotoUITests */ = {
			isa = PBXGroup;
			children = (
				75662AC928C9857500AAF52B /* RandomPhotoUITests.swift */,
				75662ACB28C9857500AAF52B /* RandomPhotoUITestsLaunchTests.swift */,
			);
			path = RandomPhotoUITests;
			sourceTree = "<group>";
		};
		75D4AC7128CEB12400F137B3 /* Views */ = {
			isa = PBXGroup;
			children = (
				75D4AC7428CEB1EC00F137B3 /* Canvas.swift */,
				75D4AC7728D01FDF00F137B3 /* Views */,
				75662AA828C9857300AAF52B /* AppDelegate.swift */,
			);
			path = Views;
			sourceTree = "<group>";
		};
		75D4AC7628CEB3EC00F137B3 /* Controller */ = {
			isa = PBXGroup;
			children = (
				75662AAC28C9857300AAF52B /* ViewController.swift */,
			);
			path = Controller;
			sourceTree = "<group>";
		};
/* End PBXGroup section */

/* Begin PBXNativeTarget section */
		75662AA428C9857300AAF52B /* RandomPhoto */ = {
			isa = PBXNativeTarget;
			buildConfigurationList = 75662ACF28C9857500AAF52B /* Build configuration list for PBXNativeTarget "RandomPhoto" */;
			buildPhases = (
				75662AA128C9857300AAF52B /* Sources */,
				75662AA228C9857300AAF52B /* Frameworks */,
				75662AA328C9857300AAF52B /* Resources */,
			);
			buildRules = (
			);
			dependencies = (
			);
			name = RandomPhoto;
			productName = RandomPhoto;
			productReference = 75662AA528C9857300AAF52B /* RandomPhoto.app */;
			productType = "com.apple.product-type.application";
		};
		75662ABA28C9857500AAF52B /* RandomPhotoTests */ = {
			isa = PBXNativeTarget;
			buildConfigurationList = 75662AD228C9857500AAF52B /* Build configuration list for PBXNativeTarget "RandomPhotoTests" */;
			buildPhases = (
				75662AB728C9857500AAF52B /* Sources */,
				75662AB828C9857500AAF52B /* Frameworks */,
				75662AB928C9857500AAF52B /* Resources */,
			);
			buildRules = (
			);
			dependencies = (
				75662ABD28C9857500AAF52B /* PBXTargetDependency */,
			);
			name = RandomPhotoTests;
			productName = RandomPhotoTests;
			productReference = 75662ABB28C9857500AAF52B /* RandomPhotoTests.xctest */;
			productType = "com.apple.product-type.bundle.unit-test";
		};
		75662AC428C9857500AAF52B /* RandomPhotoUITests */ = {
			isa = PBXNativeTarget;
			buildConfigurationList = 75662AD528C9857500AAF52B /* Build configuration list for PBXNativeTarget "RandomPhotoUITests" */;
			buildPhases = (
				75662AC128C9857500AAF52B /* Sources */,
				75662AC228C9857500AAF52B /* Frameworks */,
				75662AC328C9857500AAF52B /* Resources */,
			);
			buildRules = (
			);
			dependencies = (
				75662AC728C9857500AAF52B /* PBXTargetDependency */,
			);
			name = RandomPhotoUITests;
			productName = RandomPhotoUITests;
			productReference = 75662AC528C9857500AAF52B /* RandomPhotoUITests.xctest */;
			productType = "com.apple.product-type.bundle.ui-testing";
		};
/* End PBXNativeTarget section */

/* Begin PBXProject section */
		75662A9D28C9857300AAF52B /* Project object */ = {
			isa = PBXProject;
			attributes = {
				BuildIndependentTargetsInParallel = 1;
				LastSwiftUpdateCheck = 1340;
				LastUpgradeCheck = 1340;
				TargetAttributes = {
					75662AA428C9857300AAF52B = {
						CreatedOnToolsVersion = 13.4.1;
					};
					75662ABA28C9857500AAF52B = {
						CreatedOnToolsVersion = 13.4.1;
						TestTargetID = 75662AA428C9857300AAF52B;
					};
					75662AC428C9857500AAF52B = {
						CreatedOnToolsVersion = 13.4.1;
						TestTargetID = 75662AA428C9857300AAF52B;
					};
				};
			};
			buildConfigurationList = 75662AA028C9857300AAF52B /* Build configuration list for PBXProject "RandomPhoto" */;
			compatibilityVersion = "Xcode 13.0";
			developmentRegion = en;
			hasScannedForEncodings = 0;
			knownRegions = (
				en,
				Base,
			);
			mainGroup = 75662A9C28C9857300AAF52B;
			productRefGroup = 75662AA628C9857300AAF52B /* Products */;
			projectDirPath = "";
			projectRoot = "";
			targets = (
				75662AA428C9857300AAF52B /* RandomPhoto */,
				75662ABA28C9857500AAF52B /* RandomPhotoTests */,
				75662AC428C9857500AAF52B /* RandomPhotoUITests */,
			);
		};
/* End PBXProject section */

/* Begin PBXResourcesBuildPhase section */
		75662AA328C9857300AAF52B /* Resources */ = {
			isa = PBXResourcesBuildPhase;
			buildActionMask = 2147483647;
			files = (
				75662AB528C9857400AAF52B /* LaunchScreen.storyboard in Resources */,
				75662AB228C9857400AAF52B /* Assets.xcassets in Resources */,
				75662AB028C9857300AAF52B /* Main.storyboard in Resources */,
				75D4AC7828D01FDF00F137B3 /* Views in Resources */,
			);
			runOnlyForDeploymentPostprocessing = 0;
		};
		75662AB928C9857500AAF52B /* Resources */ = {
			isa = PBXResourcesBuildPhase;
			buildActionMask = 2147483647;
			files = (
			);
			runOnlyForDeploymentPostprocessing = 0;
		};
		75662AC328C9857500AAF52B /* Resources */ = {
			isa = PBXResourcesBuildPhase;
			buildActionMask = 2147483647;
			files = (
			);
			runOnlyForDeploymentPostprocessing = 0;
		};
/* End PBXResourcesBuildPhase section */

/* Begin PBXSourcesBuildPhase section */
		75662AA128C9857300AAF52B /* Sources */ = {
			isa = PBXSourcesBuildPhase;
			buildActionMask = 2147483647;
			files = (
				75662AAD28C9857300AAF52B /* ViewController.swift in Sources */,
				75662AA928C9857300AAF52B /* AppDelegate.swift in Sources */,
				75662AAB28C9857300AAF52B /* SceneDelegate.swift in Sources */,
				75D4AC7528CEB1EC00F137B3 /* Canvas.swift in Sources */,
			);
			runOnlyForDeploymentPostprocessing = 0;
		};
		75662AB728C9857500AAF52B /* Sources */ = {
			isa = PBXSourcesBuildPhase;
			buildActionMask = 2147483647;
			files = (
				75662AC028C9857500AAF52B /* RandomPhotoTests.swift in Sources */,
			);
			runOnlyForDeploymentPostprocessing = 0;
		};
		75662AC128C9857500AAF52B /* Sources */ = {
			isa = PBXSourcesBuildPhase;
			buildActionMask = 2147483647;
			files = (
				75662ACC28C9857500AAF52B /* RandomPhotoUITestsLaunchTests.swift in Sources */,
				75662ACA28C9857500AAF52B /* RandomPhotoUITests.swift in Sources */,
			);
			runOnlyForDeploymentPostprocessing = 0;
		};
/* End PBXSourcesBuildPhase section */

/* Begin PBXTargetDependency section */
		75662ABD28C9857500AAF52B /* PBXTargetDependency */ = {
			isa = PBXTargetDependency;
			target = 75662AA428C9857300AAF52B /* RandomPhoto */;
			targetProxy = 75662ABC28C9857500AAF52B /* PBXContainerItemProxy */;
		};
		75662AC728C9857500AAF52B /* PBXTargetDependency */ = {
			isa = PBXTargetDependency;
			target = 75662AA428C9857300AAF52B /* RandomPhoto */;
			targetProxy = 75662AC628C9857500AAF52B /* PBXContainerItemProxy */;
		};
/* End PBXTargetDependency section */

/* Begin PBXVariantGroup section */
		75662AAE28C9857300AAF52B /* Main.storyboard */ = {
			isa = PBXVariantGroup;
			children = (
				75662AAF28C9857300AAF52B /* Base */,
			);
			name = Main.storyboard;
			sourceTree = "<group>";
		};
		75662AB328C9857400AAF52B /* LaunchScreen.storyboard */ = {
			isa = PBXVariantGroup;
			children = (
				75662AB428C9857400AAF52B /* Base */,
			);
			name = LaunchScreen.storyboard;
			sourceTree = "<group>";
		};
/* End PBXVariantGroup section */

/* Begin XCBuildConfiguration section */
		75662ACD28C9857500AAF52B /* Debug */ = {
			isa = XCBuildConfiguration;
			buildSettings = {
				ALWAYS_SEARCH_USER_PATHS = NO;
				CLANG_ANALYZER_NONNULL = YES;
				CLANG_ANALYZER_NUMBER_OBJECT_CONVERSION = YES_AGGRESSIVE;
				CLANG_CXX_LANGUAGE_STANDARD = "gnu++17";
				CLANG_ENABLE_MODULES = YES;
				CLANG_ENABLE_OBJC_ARC = YES;
				CLANG_ENABLE_OBJC_WEAK = YES;
				CLANG_WARN_BLOCK_CAPTURE_AUTORELEASING = YES;
				CLANG_WARN_BOOL_CONVERSION = YES;
				CLANG_WARN_COMMA = YES;
				CLANG_WARN_CONSTANT_CONVERSION = YES;
				CLANG_WARN_DEPRECATED_OBJC_IMPLEMENTATIONS = YES;
				CLANG_WARN_DIRECT_OBJC_ISA_USAGE = YES_ERROR;
				CLANG_WARN_DOCUMENTATION_COMMENTS = YES;
				CLANG_WARN_EMPTY_BODY = YES;
				CLANG_WARN_ENUM_CONVERSION = YES;
				CLANG_WARN_INFINITE_RECURSION = YES;
				CLANG_WARN_INT_CONVERSION = YES;
				CLANG_WARN_NON_LITERAL_NULL_CONVERSION = YES;
				CLANG_WARN_OBJC_IMPLICIT_RETAIN_SELF = YES;
				CLANG_WARN_OBJC_LITERAL_CONVERSION = YES;
				CLANG_WARN_OBJC_ROOT_CLASS = YES_ERROR;
				CLANG_WARN_QUOTED_INCLUDE_IN_FRAMEWORK_HEADER = YES;
				CLANG_WARN_RANGE_LOOP_ANALYSIS = YES;
				CLANG_WARN_STRICT_PROTOTYPES = YES;
				CLANG_WARN_SUSPICIOUS_MOVE = YES;
				CLANG_WARN_UNGUARDED_AVAILABILITY = YES_AGGRESSIVE;
				CLANG_WARN_UNREACHABLE_CODE = YES;
				CLANG_WARN__DUPLICATE_METHOD_MATCH = YES;
				COPY_PHASE_STRIP = NO;
				DEBUG_INFORMATION_FORMAT = dwarf;
				ENABLE_STRICT_OBJC_MSGSEND = YES;
				ENABLE_TESTABILITY = YES;
				GCC_C_LANGUAGE_STANDARD = gnu11;
				GCC_DYNAMIC_NO_PIC = NO;
				GCC_NO_COMMON_BLOCKS = YES;
				GCC_OPTIMIZATION_LEVEL = 0;
				GCC_PREPROCESSOR_DEFINITIONS = (
					"DEBUG=1",
					"$(inherited)",
				);
				GCC_WARN_64_TO_32_BIT_CONVERSION = YES;
				GCC_WARN_ABOUT_RETURN_TYPE = YES_ERROR;
				GCC_WARN_UNDECLARED_SELECTOR = YES;
				GCC_WARN_UNINITIALIZED_AUTOS = YES_AGGRESSIVE;
				GCC_WARN_UNUSED_FUNCTION = YES;
				GCC_WARN_UNUSED_VARIABLE = YES;
				IPHONEOS_DEPLOYMENT_TARGET = 15.5;
				MTL_ENABLE_DEBUG_INFO = INCLUDE_SOURCE;
				MTL_FAST_MATH = YES;
				ONLY_ACTIVE_ARCH = YES;
				SDKROOT = iphoneos;
				SWIFT_ACTIVE_COMPILATION_CONDITIONS = DEBUG;
				SWIFT_OPTIMIZATION_LEVEL = "-Onone";
			};
			name = Debug;
		};
		75662ACE28C9857500AAF52B /* Release */ = {
			isa = XCBuildConfiguration;
			buildSettings = {
				ALWAYS_SEARCH_USER_PATHS = NO;
				CLANG_ANALYZER_NONNULL = YES;
				CLANG_ANALYZER_NUMBER_OBJECT_CONVERSION = YES_AGGRESSIVE;
				CLANG_CXX_LANGUAGE_STANDARD = "gnu++17";
				CLANG_ENABLE_MODULES = YES;
				CLANG_ENABLE_OBJC_ARC = YES;
				CLANG_ENABLE_OBJC_WEAK = YES;
				CLANG_WARN_BLOCK_CAPTURE_AUTORELEASING = YES;
				CLANG_WARN_BOOL_CONVERSION = YES;
				CLANG_WARN_COMMA = YES;
				CLANG_WARN_CONSTANT_CONVERSION = YES;
				CLANG_WARN_DEPRECATED_OBJC_IMPLEMENTATIONS = YES;
				CLANG_WARN_DIRECT_OBJC_ISA_USAGE = YES_ERROR;
				CLANG_WARN_DOCUMENTATION_COMMENTS = YES;
				CLANG_WARN_EMPTY_BODY = YES;
				CLANG_WARN_ENUM_CONVERSION = YES;
				CLANG_WARN_INFINITE_RECURSION = YES;
				CLANG_WARN_INT_CONVERSION = YES;
				CLANG_WARN_NON_LITERAL_NULL_CONVERSION = YES;
				CLANG_WARN_OBJC_IMPLICIT_RETAIN_SELF = YES;
				CLANG_WARN_OBJC_LITERAL_CONVERSION = YES;
				CLANG_WARN_OBJC_ROOT_CLASS = YES_ERROR;
				CLANG_WARN_QUOTED_INCLUDE_IN_FRAMEWORK_HEADER = YES;
				CLANG_WARN_RANGE_LOOP_ANALYSIS = YES;
				CLANG_WARN_STRICT_PROTOTYPES = YES;
				CLANG_WARN_SUSPICIOUS_MOVE = YES;
				CLANG_WARN_UNGUARDED_AVAILABILITY = YES_AGGRESSIVE;
				CLANG_WARN_UNREACHABLE_CODE = YES;
				CLANG_WARN__DUPLICATE_METHOD_MATCH = YES;
				COPY_PHASE_STRIP = NO;
				DEBUG_INFORMATION_FORMAT = "dwarf-with-dsym";
				ENABLE_NS_ASSERTIONS = NO;
				ENABLE_STRICT_OBJC_MSGSEND = YES;
				GCC_C_LANGUAGE_STANDARD = gnu11;
				GCC_NO_COMMON_BLOCKS = YES;
				GCC_WARN_64_TO_32_BIT_CONVERSION = YES;
				GCC_WARN_ABOUT_RETURN_TYPE = YES_ERROR;
				GCC_WARN_UNDECLARED_SELECTOR = YES;
				GCC_WARN_UNINITIALIZED_AUTOS = YES_AGGRESSIVE;
				GCC_WARN_UNUSED_FUNCTION = YES;
				GCC_WARN_UNUSED_VARIABLE = YES;
				IPHONEOS_DEPLOYMENT_TARGET = 15.5;
				MTL_ENABLE_DEBUG_INFO = NO;
				MTL_FAST_MATH = YES;
				SDKROOT = iphoneos;
				SWIFT_COMPILATION_MODE = wholemodule;
				SWIFT_OPTIMIZATION_LEVEL = "-O";
				VALIDATE_PRODUCT = YES;
			};
			name = Release;
		};
		75662AD028C9857500AAF52B /* Debug */ = {
			isa = XCBuildConfiguration;
			buildSettings = {
				ASSETCATALOG_COMPILER_APPICON_NAME = AppIcon;
				ASSETCATALOG_COMPILER_GLOBAL_ACCENT_COLOR_NAME = AccentColor;
				ASSETCATALOG_COMPILER_INCLUDE_ALL_APPICON_ASSETS = NO;
				CODE_SIGN_STYLE = Automatic;
				CURRENT_PROJECT_VERSION = 1;
				DEVELOPMENT_TEAM = 3Z49F52M9P;
				GENERATE_INFOPLIST_FILE = YES;
				INFOPLIST_FILE = RandomPhoto/Info.plist;
				INFOPLIST_KEY_NSPhotoLibraryAddUsageDescription = "We want to save the modified photo";
				INFOPLIST_KEY_UIApplicationSupportsIndirectInputEvents = YES;
				INFOPLIST_KEY_UILaunchStoryboardName = LaunchScreen;
				INFOPLIST_KEY_UIMainStoryboardFile = Main;
				INFOPLIST_KEY_UISupportedInterfaceOrientations_iPad = "UIInterfaceOrientationPortrait UIInterfaceOrientationPortraitUpsideDown UIInterfaceOrientationLandscapeLeft UIInterfaceOrientationLandscapeRight";
				INFOPLIST_KEY_UISupportedInterfaceOrientations_iPhone = "UIInterfaceOrientationPortrait UIInterfaceOrientationLandscapeLeft UIInterfaceOrientationLandscapeRight";
				LD_RUNPATH_SEARCH_PATHS = (
					"$(inherited)",
					"@executable_path/Frameworks",
				);
				MARKETING_VERSION = 1.0;
				PRODUCT_BUNDLE_IDENTIFIER = JHCOD3.RandomPhoto;
				PRODUCT_NAME = "$(TARGET_NAME)";
				SWIFT_EMIT_LOC_STRINGS = YES;
				SWIFT_VERSION = 5.0;
				TARGETED_DEVICE_FAMILY = "1,2";
			};
			name = Debug;
		};
		75662AD128C9857500AAF52B /* Release */ = {
			isa = XCBuildConfiguration;
			buildSettings = {
				ASSETCATALOG_COMPILER_APPICON_NAME = AppIcon;
				ASSETCATALOG_COMPILER_GLOBAL_ACCENT_COLOR_NAME = AccentColor;
				ASSETCATALOG_COMPILER_INCLUDE_ALL_APPICON_ASSETS = NO;
				CODE_SIGN_STYLE = Automatic;
				CURRENT_PROJECT_VERSION = 1;
				DEVELOPMENT_TEAM = 3Z49F52M9P;
				GENERATE_INFOPLIST_FILE = YES;
				INFOPLIST_FILE = RandomPhoto/Info.plist;
				INFOPLIST_KEY_NSPhotoLibraryAddUsageDescription = "We want to save the modified photo";
				INFOPLIST_KEY_UIApplicationSupportsIndirectInputEvents = YES;
				INFOPLIST_KEY_UILaunchStoryboardName = LaunchScreen;
				INFOPLIST_KEY_UIMainStoryboardFile = Main;
				INFOPLIST_KEY_UISupportedInterfaceOrientations_iPad = "UIInterfaceOrientationPortrait UIInterfaceOrientationPortraitUpsideDown UIInterfaceOrientationLandscapeLeft UIInterfaceOrientationLandscapeRight";
				INFOPLIST_KEY_UISupportedInterfaceOrientations_iPhone = "UIInterfaceOrientationPortrait UIInterfaceOrientationLandscapeLeft UIInterfaceOrientationLandscapeRight";
				LD_RUNPATH_SEARCH_PATHS = (
					"$(inherited)",
					"@executable_path/Frameworks",
				);
				MARKETING_VERSION = 1.0;
				PRODUCT_BUNDLE_IDENTIFIER = JHCOD3.RandomPhoto;
				PRODUCT_NAME = "$(TARGET_NAME)";
				SWIFT_EMIT_LOC_STRINGS = YES;
				SWIFT_VERSION = 5.0;
				TARGETED_DEVICE_FAMILY = "1,2";
			};
			name = Release;
		};
		75662AD328C9857500AAF52B /* Debug */ = {
			isa = XCBuildConfiguration;
			buildSettings = {
				ALWAYS_EMBED_SWIFT_STANDARD_LIBRARIES = YES;
				BUNDLE_LOADER = "$(TEST_HOST)";
				CODE_SIGN_STYLE = Automatic;
				CURRENT_PROJECT_VERSION = 1;
				DEVELOPMENT_TEAM = 3Z49F52M9P;
				GENERATE_INFOPLIST_FILE = YES;
				IPHONEOS_DEPLOYMENT_TARGET = 15.5;
				MARKETING_VERSION = 1.0;
				PRODUCT_BUNDLE_IDENTIFIER = JHCOD3.RandomPhotoTests;
				PRODUCT_NAME = "$(TARGET_NAME)";
				SWIFT_EMIT_LOC_STRINGS = NO;
				SWIFT_VERSION = 5.0;
				TARGETED_DEVICE_FAMILY = "1,2";
				TEST_HOST = "$(BUILT_PRODUCTS_DIR)/RandomPhoto.app/RandomPhoto";
			};
			name = Debug;
		};
		75662AD428C9857500AAF52B /* Release */ = {
			isa = XCBuildConfiguration;
			buildSettings = {
				ALWAYS_EMBED_SWIFT_STANDARD_LIBRARIES = YES;
				BUNDLE_LOADER = "$(TEST_HOST)";
				CODE_SIGN_STYLE = Automatic;
				CURRENT_PROJECT_VERSION = 1;
				DEVELOPMENT_TEAM = 3Z49F52M9P;
				GENERATE_INFOPLIST_FILE = YES;
				IPHONEOS_DEPLOYMENT_TARGET = 15.5;
				MARKETING_VERSION = 1.0;
				PRODUCT_BUNDLE_IDENTIFIER = JHCOD3.RandomPhotoTests;
				PRODUCT_NAME = "$(TARGET_NAME)";
				SWIFT_EMIT_LOC_STRINGS = NO;
				SWIFT_VERSION = 5.0;
				TARGETED_DEVICE_FAMILY = "1,2";
				TEST_HOST = "$(BUILT_PRODUCTS_DIR)/RandomPhoto.app/RandomPhoto";
			};
			name = Release;
		};
		75662AD628C9857500AAF52B /* Debug */ = {
			isa = XCBuildConfiguration;
			buildSettings = {
				ALWAYS_EMBED_SWIFT_STANDARD_LIBRARIES = YES;
				CODE_SIGN_STYLE = Automatic;
				CURRENT_PROJECT_VERSION = 1;
				DEVELOPMENT_TEAM = 3Z49F52M9P;
				GENERATE_INFOPLIST_FILE = YES;
				MARKETING_VERSION = 1.0;
				PRODUCT_BUNDLE_IDENTIFIER = JHCOD3.RandomPhotoUITests;
				PRODUCT_NAME = "$(TARGET_NAME)";
				SWIFT_EMIT_LOC_STRINGS = NO;
				SWIFT_VERSION = 5.0;
				TARGETED_DEVICE_FAMILY = "1,2";
				TEST_TARGET_NAME = RandomPhoto;
			};
			name = Debug;
		};
		75662AD728C9857500AAF52B /* Release */ = {
			isa = XCBuildConfiguration;
			buildSettings = {
				ALWAYS_EMBED_SWIFT_STANDARD_LIBRARIES = YES;
				CODE_SIGN_STYLE = Automatic;
				CURRENT_PROJECT_VERSION = 1;
				DEVELOPMENT_TEAM = 3Z49F52M9P;
				GENERATE_INFOPLIST_FILE = YES;
				MARKETING_VERSION = 1.0;
				PRODUCT_BUNDLE_IDENTIFIER = JHCOD3.RandomPhotoUITests;
				PRODUCT_NAME = "$(TARGET_NAME)";
				SWIFT_EMIT_LOC_STRINGS = NO;
				SWIFT_VERSION = 5.0;
				TARGETED_DEVICE_FAMILY = "1,2";
				TEST_TARGET_NAME = RandomPhoto;
			};
			name = Release;
		};
/* End XCBuildConfiguration section */

/* Begin XCConfigurationList section */
		75662AA028C9857300AAF52B /* Build configuration list for PBXProject "RandomPhoto" */ = {
			isa = XCConfigurationList;
			buildConfigurations = (
				75662ACD28C9857500AAF52B /* Debug */,
				75662ACE28C9857500AAF52B /* Release */,
			);
			defaultConfigurationIsVisible = 0;
			defaultConfigurationName = Release;
		};
		75662ACF28C9857500AAF52B /* Build configuration list for PBXNativeTarget "RandomPhoto" */ = {
			isa = XCConfigurationList;
			buildConfigurations = (
				75662AD028C9857500AAF52B /* Debug */,
				75662AD128C9857500AAF52B /* Release */,
			);
			defaultConfigurationIsVisible = 0;
			defaultConfigurationName = Release;
		};
		75662AD228C9857500AAF52B /* Build configuration list for PBXNativeTarget "RandomPhotoTests" */ = {
			isa = XCConfigurationList;
			buildConfigurations = (
				75662AD328C9857500AAF52B /* Debug */,
				75662AD428C9857500AAF52B /* Release */,
			);
			defaultConfigurationIsVisible = 0;
			defaultConfigurationName = Release;
		};
		75662AD528C9857500AAF52B /* Build configuration list for PBXNativeTarget "RandomPhotoUITests" */ = {
			isa = XCConfigurationList;
			buildConfigurations = (
				75662AD628C9857500AAF52B /* Debug */,
				75662AD728C9857500AAF52B /* Release */,
			);
			defaultConfigurationIsVisible = 0;
			defaultConfigurationName = Release;
		};
/* End XCConfigurationList section */
	};
	rootObject = 75662A9D28C9857300AAF52B /* Project object */;
}
